
Microsoft Visual Studio Solution File, Format Version 12.00
# Visual Studio 15
VisualStudioVersion = 15.0.28307.329
MinimumVisualStudioVersion = 10.0.40219.1
Project("{8BC9CEB8-8B4A-11D0-8D11-00A0C91BC942}") = "studentmanagementsystem", "studentmanagementsystem\studentmanagementsystem.vcxproj", "{8F3AA1F4-6A75-44D3-A21E-6714598492A2}"
EndProject
Project("{2150E333-8FDC-42A3-9474-1A3956D46DE8}") = "Solution Items", "Solution Items", "{64BEB766-B7D0-45D2-87C6-73B2FF624215}"
EndProject
Global
	GlobalSection(SolutionConfigurationPlatforms) = preSolution
		Debug|x64 = Debug|x64
		Debug|x86 = Debug|x86
		Release|x64 = Release|x64
		Release|x86 = Release|x86
	EndGlobalSection
	GlobalSection(ProjectConfigurationPlatforms) = postSolution
		{8F3AA1F4-6A75-44D3-A21E-6714598492A2}.Debug|x64.ActiveCfg = Debug|x64
		{8F3AA1F4-6A75-44D3-A21E-6714598492A2}.Debug|x64.Build.0 = Debug|x64
		{8F3AA1F4-6A75-44D3-A21E-6714598492A2}.Debug|x86.ActiveCfg = Debug|Win32
		{8F3AA1F4-6A75-44D3-A21E-6714598492A2}.Debug|x86.Build.0 = Debug|Win32
		{8F3AA1F4-6A75-44D3-A21E-6714598492A2}.Release|x64.ActiveCfg = Release|x64
		{8F3AA1F4-6A75-44D3-A21E-6714598492A2}.Release|x64.Build.0 = Release|x64
		{8F3AA1F4-6A75-44D3-A21E-6714598492A2}.Release|x86.ActiveCfg = Release|Win32
		{8F3AA1F4-6A75-44D3-A21E-6714598492A2}.Release|x86.Build.0 = Release|Win32
	EndGlobalSection
	GlobalSection(SolutionProperties) = preSolution
		HideSolutionNode = FALSE
	EndGlobalSection
	GlobalSection(ExtensibilityGlobals) = postSolution
		SolutionGuid = {32F8FC79-D36F-4BB3-9F0D-7F78529EAE3B}
	EndGlobalSection
EndGlobal
